// !$*UTF8*$!
{
	archiveVersion = 1;
	classes = {
	};
	objectVersion = 77;
	objects = {

/* Begin PBXBuildFile section */
		405B25182F78FA4A00A13AFF /* OnboardingView.swift in Sources */ = {isa = PBXBuildFile; fileRef = 405B25172F78FA4A00A13AFF /* OnboardingView.swift */; };
		405B251A2F7906BA00A13AFF /* SettingsView.swift in Sources */ = {isa = PBXBuildFile; fileRef = 405B25192F7906BA00A13AFF /* SettingsView.swift */; };
		40DF00B42F7F7D4800F92924 /* WidgetKit.framework in Frameworks */ = {isa = PBXBuildFile; fileRef = 40DF00B32F7F7D4800F92924 /* WidgetKit.framework */; };
		40DF00B62F7F7D4800F92924 /* SwiftUI.framework in Frameworks */ = {isa = PBXBuildFile; fileRef = 40DF00B52F7F7D4800F92924 /* SwiftUI.framework */; };
		40DF00C52F7F7D4A00F92924 /* geomemoWidgetExtension.appex in Embed Foundation Extensions */ = {isa = PBXBuildFile; fileRef = 40DF00B12F7F7D4800F92924 /* geomemoWidgetExtension.appex */; settings = {ATTRIBUTES = (RemoveHeadersOnCopy, ); }; };
		40DF00D02F7F887900F92924 /* GeoMemoActivityAttributes.swift in Sources */ = {isa = PBXBuildFile; fileRef = 40DF00CF2F7F887900F92924 /* GeoMemoActivityAttributes.swift */; };
		40DF00D22F7F888E00F92924 /* LiveActivityManager.swift in Sources */ = {isa = PBXBuildFile; fileRef = 40DF00D12F7F888E00F92924 /* LiveActivityManager.swift */; };
		40DF00D52F7FD3C000F92924 /* GeoMemoActivityAttributes.swift in Sources */ = {isa = PBXBuildFile; fileRef = 40DF00CF2F7F887900F92924 /* GeoMemoActivityAttributes.swift */; };
		40DF01002F80805200F92924 /* geomemoWatch Watch App.app in Embed Watch Content */ = {isa = PBXBuildFile; fileRef = 40DF00E02F80805000F92924 /* geomemoWatch Watch App.app */; settings = {ATTRIBUTES = (RemoveHeadersOnCopy, ); }; };
/* End PBXBuildFile section */

/* Begin PBXContainerItemProxy section */
		406866942F7559FC00057BF3 /* PBXContainerItemProxy */ = {
			isa = PBXContainerItemProxy;
			containerPortal = 4068667C2F7559FA00057BF3 /* Project object */;
			proxyType = 1;
			remoteGlobalIDString = 406866832F7559FA00057BF3;
			remoteInfo = geomemo;
		};
		4068669E2F7559FC00057BF3 /* PBXContainerItemProxy */ = {
			isa = PBXContainerItemProxy;
			containerPortal = 4068667C2F7559FA00057BF3 /* Project object */;
			proxyType = 1;
			remoteGlobalIDString = 406866832F7559FA00057BF3;
			remoteInfo = geomemo;
		};
		40DF00C32F7F7D4A00F92924 /* PBXContainerItemProxy */ = {
			isa = PBXContainerItemProxy;
			containerPortal = 4068667C2F7559FA00057BF3 /* Project object */;
			proxyType = 1;
			remoteGlobalIDString = 40DF00B02F7F7D4800F92924;
			remoteInfo = geomemoWidgetExtension;
		};
		40DF00ED2F80805200F92924 /* PBXContainerItemProxy */ = {
			isa = PBXContainerItemProxy;
			containerPortal = 4068667C2F7559FA00057BF3 /* Project object */;
			proxyType = 1;
			remoteGlobalIDString = 40DF00DF2F80805000F92924;
			remoteInfo = "geomemoWatch Watch App";
		};
		40DF00F72F80805200F92924 /* PBXContainerItemProxy */ = {
			isa = PBXContainerItemProxy;
			containerPortal = 4068667C2F7559FA00057BF3 /* Project object */;
			proxyType = 1;
			remoteGlobalIDString = 40DF00DF2F80805000F92924;
			remoteInfo = "geomemoWatch Watch App";
		};
		40DF00FE2F80805200F92924 /* PBXContainerItemProxy */ = {
			isa = PBXContainerItemProxy;
			containerPortal = 4068667C2F7559FA00057BF3 /* Project object */;
			proxyType = 1;
			remoteGlobalIDString = 40DF00DF2F80805000F92924;
			remoteInfo = "geomemoWatch Watch App";
		};
/* End PBXContainerItemProxy section */

/* Begin PBXCopyFilesBuildPhase section */
		40DF00CA2F7F7D4A00F92924 /* Embed Foundation Extensions */ = {
			isa = PBXCopyFilesBuildPhase;
			buildActionMask = 2147483647;
			dstPath = "";
			dstSubfolderSpec = 13;
			files = (
				40DF00C52F7F7D4A00F92924 /* geomemoWidgetExtension.appex in Embed Foundation Extensions */,
			);
			name = "Embed Foundation Extensions";
			runOnlyForDeploymentPostprocessing = 0;
		};
		40DF01042F80805200F92924 /* Embed Watch Content */ = {
			isa = PBXCopyFilesBuildPhase;
			buildActionMask = 2147483647;
			dstPath = "$(CONTENTS_FOLDER_PATH)/Watch";
			dstSubfolderSpec = 16;
			files = (
				40DF01002F80805200F92924 /* geomemoWatch Watch App.app in Embed Watch Content */,
			);
			name = "Embed Watch Content";
			runOnlyForDeploymentPostprocessing = 0;
		};
/* End PBXCopyFilesBuildPhase section */

/* Begin PBXFileReference section */
		405B25172F78FA4A00A13AFF /* OnboardingView.swift */ = {isa = PBXFileReference; lastKnownFileType = sourcecode.swift; path = OnboardingView.swift; sourceTree = "<group>"; };
		405B25192F7906BA00A13AFF /* SettingsView.swift */ = {isa = PBXFileReference; lastKnownFileType = sourcecode.swift; path = SettingsView.swift; sourceTree = "<group>"; };
		406866842F7559FA00057BF3 /* geomemo.app */ = {isa = PBXFileReference; explicitFileType = wrapper.application; includeInIndex = 0; path = geomemo.app; sourceTree = BUILT_PRODUCTS_DIR; };
		406866932F7559FC00057BF3 /* geomemoTests.xctest */ = {isa = PBXFileReference; explicitFileType = wrapper.cfbundle; includeInIndex = 0; path = geomemoTests.xctest; sourceTree = BUILT_PRODUCTS_DIR; };
		4068669D2F7559FC00057BF3 /* geomemoUITests.xctest */ = {isa = PBXFileReference; explicitFileType = wrapper.cfbundle; includeInIndex = 0; path = geomemoUITests.xctest; sourceTree = BUILT_PRODUCTS_DIR; };
		40DF00B12F7F7D4800F92924 /* geomemoWidgetExtension.appex */ = {isa = PBXFileReference; explicitFileType = "wrapper.app-extension"; includeInIndex = 0; path = geomemoWidgetExtension.appex; sourceTree = BUILT_PRODUCTS_DIR; };
		40DF00B32F7F7D4800F92924 /* WidgetKit.framework */ = {isa = PBXFileReference; lastKnownFileType = wrapper.framework; name = WidgetKit.framework; path = System/Library/Frameworks/WidgetKit.framework; sourceTree = SDKROOT; };
		40DF00B52F7F7D4800F92924 /* SwiftUI.framework */ = {isa = PBXFileReference; lastKnownFileType = wrapper.framework; name = SwiftUI.framework; path = System/Library/Frameworks/SwiftUI.framework; sourceTree = SDKROOT; };
		40DF00CB2F7F7DAF00F92924 /* geomemoWidgetExtension.entitlements */ = {isa = PBXFileReference; lastKnownFileType = text.plist.entitlements; path = geomemoWidgetExtension.entitlements; sourceTree = "<group>"; };
		40DF00CF2F7F887900F92924 /* GeoMemoActivityAttributes.swift */ = {isa = PBXFileReference; lastKnownFileType = sourcecode.swift; path = GeoMemoActivityAttributes.swift; sourceTree = "<group>"; };
		40DF00D12F7F888E00F92924 /* LiveActivityManager.swift */ = {isa = PBXFileReference; lastKnownFileType = sourcecode.swift; path = LiveActivityManager.swift; sourceTree = "<group>"; };
		40DF00E02F80805000F92924 /* geomemoWatch Watch App.app */ = {isa = PBXFileReference; explicitFileType = wrapper.application; includeInIndex = 0; path = "geomemoWatch Watch App.app"; sourceTree = BUILT_PRODUCTS_DIR; };
		40DF00EC2F80805200F92924 /* geomemoWatch Watch AppTests.xctest */ = {isa = PBXFileReference; explicitFileType = wrapper.cfbundle; includeInIndex = 0; path = "geomemoWatch Watch AppTests.xctest"; sourceTree = BUILT_PRODUCTS_DIR; };
		40DF00F62F80805200F92924 /* geomemoWatch Watch AppUITests.xctest */ = {isa = PBXFileReference; explicitFileType = wrapper.cfbundle; includeInIndex = 0; path = "geomemoWatch Watch AppUITests.xctest"; sourceTree = BUILT_PRODUCTS_DIR; };
/* End PBXFileReference section */

/* Begin PBXFileSystemSynchronizedBuildFileExceptionSet section */
		402C1B4A2F7F767500692EA3 /* Exceptions for "geomemo" folder in "geomemo" target */ = {
			isa = PBXFileSystemSynchronizedBuildFileExceptionSet;
			membershipExceptions = (
				Info.plist,
			);
			target = 406866832F7559FA00057BF3 /* geomemo */;
		};
		40DF00C92F7F7D4A00F92924 /* Exceptions for "geomemoWidget" folder in "geomemoWidgetExtension" target */ = {
			isa = PBXFileSystemSynchronizedBuildFileExceptionSet;
			membershipExceptions = (
				Info.plist,
			);
			target = 40DF00B02F7F7D4800F92924 /* geomemoWidgetExtension */;
		};
		40DF00CD2F7F7E6C00F92924 /* Exceptions for "geomemo" folder in "geomemoWidgetExtension" target */ = {
			isa = PBXFileSystemSynchronizedBuildFileExceptionSet;
			membershipExceptions = (
				GeoMemo.swift,
				Tag.swift,
				Theme.swift,
			);
			target = 40DF00B02F7F7D4800F92924 /* geomemoWidgetExtension */;
		};
		40DF010C2F8080F600F92924 /* Exceptions for "geomemo" folder in "geomemoWatch Watch App" target */ = {
			isa = PBXFileSystemSynchronizedBuildFileExceptionSet;
			membershipExceptions = (
				GeoMemo.swift,
			);
			target = 40DF00DF2F80805000F92924 /* geomemoWatch Watch App */;
		};
/* End PBXFileSystemSynchronizedBuildFileExceptionSet section */

/* Begin PBXFileSystemSynchronizedRootGroup section */
		406866862F7559FA00057BF3 /* geomemo */ = {
			isa = PBXFileSystemSynchronizedRootGroup;
			exceptions = (
				402C1B4A2F7F767500692EA3 /* Exceptions for "geomemo" folder in "geomemo" target */,
				40DF00CD2F7F7E6C00F92924 /* Exceptions for "geomemo" folder in "geomemoWidgetExtension" target */,
				40DF010C2F8080F600F92924 /* Exceptions for "geomemo" folder in "geomemoWatch Watch App" target */,
			);
			path = geomemo;
			sourceTree = "<group>";
		};
		406866962F7559FC00057BF3 /* geomemoTests */ = {
			isa = PBXFileSystemSynchronizedRootGroup;
			path = geomemoTests;
			sourceTree = "<group>";
		};
		406866A02F7559FC00057BF3 /* geomemoUITests */ = {
			isa = PBXFileSystemSynchronizedRootGroup;
			path = geomemoUITests;
			sourceTree = "<group>";
		};
		40DF00B72F7F7D4800F92924 /* geomemoWidget */ = {
			isa = PBXFileSystemSynchronizedRootGroup;
			exceptions = (
				40DF00C92F7F7D4A00F92924 /* Exceptions for "geomemoWidget" folder in "geomemoWidgetExtension" target */,
			);
			path = geomemoWidget;
			sourceTree = "<group>";
		};
		40DF00E12F80805000F92924 /* geomemoWatch Watch App */ = {
			isa = PBXFileSystemSynchronizedRootGroup;
			path = "geomemoWatch Watch App";
			sourceTree = "<group>";
		};
		40DF00EF2F80805200F92924 /* geomemoWatch Watch AppTests */ = {
			isa = PBXFileSystemSynchronizedRootGroup;
			path = "geomemoWatch Watch AppTests";
			sourceTree = "<group>";
		};
		40DF00F92F80805200F92924 /* geomemoWatch Watch AppUITests */ = {
			isa = PBXFileSystemSynchronizedRootGroup;
			path = "geomemoWatch Watch AppUITests";
			sourceTree = "<group>";
		};
/* End PBXFileSystemSynchronizedRootGroup section */

/* Begin PBXFrameworksBuildPhase section */
		406866812F7559FA00057BF3 /* Frameworks */ = {
			isa = PBXFrameworksBuildPhase;
			buildActionMask = 2147483647;
			files = (
			);
			runOnlyForDeploymentPostprocessing = 0;
		};
		406866902F7559FC00057BF3 /* Frameworks */ = {
			isa = PBXFrameworksBuildPhase;
			buildActionMask = 2147483647;
			files = (
			);
			runOnlyForDeploymentPostprocessing = 0;
		};
		4068669A2F7559FC00057BF3 /* Frameworks */ = {
			isa = PBXFrameworksBuildPhase;
			buildActionMask = 2147483647;
			files = (
			);
			runOnlyForDeploymentPostprocessing = 0;
		};
		40DF00AE2F7F7D4800F92924 /* Frameworks */ = {
			isa = PBXFrameworksBuildPhase;
			buildActionMask = 2147483647;
			files = (
				40DF00B62F7F7D4800F92924 /* SwiftUI.framework in Frameworks */,
				40DF00B42F7F7D4800F92924 /* WidgetKit.framework in Frameworks */,
			);
			runOnlyForDeploymentPostprocessing = 0;
		};
		40DF00DD2F80805000F92924 /* Frameworks */ = {
			isa = PBXFrameworksBuildPhase;
			buildActionMask = 2147483647;
			files = (
			);
			runOnlyForDeploymentPostprocessing = 0;
		};
		40DF00E92F80805200F92924 /* Frameworks */ = {
			isa = PBXFrameworksBuildPhase;
			buildActionMask = 2147483647;
			files = (
			);
			runOnlyForDeploymentPostprocessing = 0;
		};
		40DF00F32F80805200F92924 /* Frameworks */ = {
			isa = PBXFrameworksBuildPhase;
			buildActionMask = 2147483647;
			files = (
			);
			runOnlyForDeploymentPostprocessing = 0;
		};
/* End PBXFrameworksBuildPhase section */

/* Begin PBXGroup section */
		4068667B2F7559FA00057BF3 = {
			isa = PBXGroup;
			children = (
				40DF00CB2F7F7DAF00F92924 /* geomemoWidgetExtension.entitlements */,
				406866862F7559FA00057BF3 /* geomemo */,
				406866962F7559FC00057BF3 /* geomemoTests */,
				406866A02F7559FC00057BF3 /* geomemoUITests */,
				40DF00B72F7F7D4800F92924 /* geomemoWidget */,
				40DF00E12F80805000F92924 /* geomemoWatch Watch App */,
				40DF00EF2F80805200F92924 /* geomemoWatch Watch AppTests */,
				40DF00F92F80805200F92924 /* geomemoWatch Watch AppUITests */,
				40DF00B22F7F7D4800F92924 /* Frameworks */,
				406866852F7559FA00057BF3 /* Products */,
				405B25172F78FA4A00A13AFF /* OnboardingView.swift */,
				405B25192F7906BA00A13AFF /* SettingsView.swift */,
				40DF00CF2F7F887900F92924 /* GeoMemoActivityAttributes.swift */,
				40DF00D12F7F888E00F92924 /* LiveActivityManager.swift */,
			);
			sourceTree = "<group>";
		};
		406866852F7559FA00057BF3 /* Products */ = {
			isa = PBXGroup;
			children = (
				406866842F7559FA00057BF3 /* geomemo.app */,
				406866932F7559FC00057BF3 /* geomemoTests.xctest */,
				4068669D2F7559FC00057BF3 /* geomemoUITests.xctest */,
				40DF00B12F7F7D4800F92924 /* geomemoWidgetExtension.appex */,
				40DF00E02F80805000F92924 /* geomemoWatch Watch App.app */,
				40DF00EC2F80805200F92924 /* geomemoWatch Watch AppTests.xctest */,
				40DF00F62F80805200F92924 /* geomemoWatch Watch AppUITests.xctest */,
			);
			name = Products;
			sourceTree = "<group>";
		};
		40DF00B22F7F7D4800F92924 /* Frameworks */ = {
			isa = PBXGroup;
			children = (
				40DF00B32F7F7D4800F92924 /* WidgetKit.framework */,
				40DF00B52F7F7D4800F92924 /* SwiftUI.framework */,
			);
			name = Frameworks;
			sourceTree = "<group>";
		};
/* End PBXGroup section */

/* Begin PBXNativeTarget section */
		406866832F7559FA00057BF3 /* geomemo */ = {
			isa = PBXNativeTarget;
			buildConfigurationList = 406866A72F7559FD00057BF3 /* Build configuration list for PBXNativeTarget "geomemo" */;
			buildPhases = (
				406866802F7559FA00057BF3 /* Sources */,
				406866812F7559FA00057BF3 /* Frameworks */,
				406866822F7559FA00057BF3 /* Resources */,
				40DF00CA2F7F7D4A00F92924 /* Embed Foundation Extensions */,
				40DF01042F80805200F92924 /* Embed Watch Content */,
			);
			buildRules = (
			);
			dependencies = (
				40DF00C42F7F7D4A00F92924 /* PBXTargetDependency */,
				40DF00FF2F80805200F92924 /* PBXTargetDependency */,
			);
			fileSystemSynchronizedGroups = (
				406866862F7559FA00057BF3 /* geomemo */,
			);
			name = geomemo;
			packageProductDependencies = (
			);
			productName = geomemo;
			productReference = 406866842F7559FA00057BF3 /* geomemo.app */;
			productType = "com.apple.product-type.application";
		};
		406866922F7559FC00057BF3 /* geomemoTests */ = {
			isa = PBXNativeTarget;
			buildConfigurationList = 406866AA2F7559FD00057BF3 /* Build configuration list for PBXNativeTarget "geomemoTests" */;
			buildPhases = (
				4068668F2F7559FC00057BF3 /* Sources */,
				406866902F7559FC00057BF3 /* Frameworks */,
				406866912F7559FC00057BF3 /* Resources */,
			);
			buildRules = (
			);
			dependencies = (
				406866952F7559FC00057BF3 /* PBXTargetDependency */,
			);
			fileSystemSynchronizedGroups = (
				406866962F7559FC00057BF3 /* geomemoTests */,
			);
			name = geomemoTests;
			packageProductDependencies = (
			);
			productName = geomemoTests;
			productReference = 406866932F7559FC00057BF3 /* geomemoTests.xctest */;
			productType = "com.apple.product-type.bundle.unit-test";
		};
		4068669C2F7559FC00057BF3 /* geomemoUITests */ = {
			isa = PBXNativeTarget;
			buildConfigurationList = 406866AD2F7559FD00057BF3 /* Build configuration list for PBXNativeTarget "geomemoUITests" */;
			buildPhases = (
				406866992F7559FC00057BF3 /* Sources */,
				4068669A2F7559FC00057BF3 /* Frameworks */,
				4068669B2F7559FC00057BF3 /* Resources */,
			);
			buildRules = (
			);
			dependencies = (
				4068669F2F7559FC00057BF3 /* PBXTargetDependency */,
			);
			fileSystemSynchronizedGroups = (
				406866A02F7559FC00057BF3 /* geomemoUITests */,
			);
			name = geomemoUITests;
			packageProductDependencies = (
			);
			productName = geomemoUITests;
			productReference = 4068669D2F7559FC00057BF3 /* geomemoUITests.xctest */;
			productType = "com.apple.product-type.bundle.ui-testing";
		};
		40DF00B02F7F7D4800F92924 /* geomemoWidgetExtension */ = {
			isa = PBXNativeTarget;
			buildConfigurationList = 40DF00C62F7F7D4A00F92924 /* Build configuration list for PBXNativeTarget "geomemoWidgetExtension" */;
			buildPhases = (
				40DF00AD2F7F7D4800F92924 /* Sources */,
				40DF00AE2F7F7D4800F92924 /* Frameworks */,
				40DF00AF2F7F7D4800F92924 /* Resources */,
			);
			buildRules = (
			);
			dependencies = (
			);
			fileSystemSynchronizedGroups = (
				40DF00B72F7F7D4800F92924 /* geomemoWidget */,
			);
			name = geomemoWidgetExtension;
			packageProductDependencies = (
			);
			productName = geomemoWidgetExtension;
			productReference = 40DF00B12F7F7D4800F92924 /* geomemoWidgetExtension.appex */;
			productType = "com.apple.product-type.app-extension";
		};
		40DF00DF2F80805000F92924 /* geomemoWatch Watch App */ = {
			isa = PBXNativeTarget;
			buildConfigurationList = 40DF01012F80805200F92924 /* Build configuration list for PBXNativeTarget "geomemoWatch Watch App" */;
			buildPhases = (
				40DF00DC2F80805000F92924 /* Sources */,
				40DF00DD2F80805000F92924 /* Frameworks */,
				40DF00DE2F80805000F92924 /* Resources */,
			);
			buildRules = (
			);
			dependencies = (
			);
			fileSystemSynchronizedGroups = (
				40DF00E12F80805000F92924 /* geomemoWatch Watch App */,
			);
			name = "geomemoWatch Watch App";
			packageProductDependencies = (
			);
			productName = "geomemoWatch Watch App";
			productReference = 40DF00E02F80805000F92924 /* geomemoWatch Watch App.app */;
			productType = "com.apple.product-type.application";
		};
		40DF00EB2F80805200F92924 /* geomemoWatch Watch AppTests */ = {
			isa = PBXNativeTarget;
			buildConfigurationList = 40DF01052F80805200F92924 /* Build configuration list for PBXNativeTarget "geomemoWatch Watch AppTests" */;
			buildPhases = (
				40DF00E82F80805200F92924 /* Sources */,
				40DF00E92F80805200F92924 /* Frameworks */,
				40DF00EA2F80805200F92924 /* Resources */,
			);
			buildRules = (
			);
			dependencies = (
				40DF00EE2F80805200F92924 /* PBXTargetDependency */,
			);
			fileSystemSynchronizedGroups = (
				40DF00EF2F80805200F92924 /* geomemoWatch Watch AppTests */,
			);
			name = "geomemoWatch Watch AppTests";
			packageProductDependencies = (
			);
			productName = "geomemoWatch Watch AppTests";
			productReference = 40DF00EC2F80805200F92924 /* geomemoWatch Watch AppTests.xctest */;
			productType = "com.apple.product-type.bundle.unit-test";
		};
		40DF00F52F80805200F92924 /* geomemoWatch Watch AppUITests */ = {
			isa = PBXNativeTarget;
			buildConfigurationList = 40DF01082F80805200F92924 /* Build configuration list for PBXNativeTarget "geomemoWatch Watch AppUITests" */;
			buildPhases = (
				40DF00F22F80805200F92924 /* Sources */,
				40DF00F32F80805200F92924 /* Frameworks */,
				40DF00F42F80805200F92924 /* Resources */,
			);
			buildRules = (
			);
			dependencies = (
				40DF00F82F80805200F92924 /* PBXTargetDependency */,
			);
			fileSystemSynchronizedGroups = (
				40DF00F92F80805200F92924 /* geomemoWatch Watch AppUITests */,
			);
			name = "geomemoWatch Watch AppUITests";
			packageProductDependencies = (
			);
			productName = "geomemoWatch Watch AppUITests";
			productReference = 40DF00F62F80805200F92924 /* geomemoWatch Watch AppUITests.xctest */;
			productType = "com.apple.product-type.bundle.ui-testing";
		};
/* End PBXNativeTarget section */

/* Begin PBXProject section */
		4068667C2F7559FA00057BF3 /* Project object */ = {
			isa = PBXProject;
			attributes = {
				BuildIndependentTargetsInParallel = 1;
				LastSwiftUpdateCheck = 2640;
				LastUpgradeCheck = 2620;
				TargetAttributes = {
					406866832F7559FA00057BF3 = {
						CreatedOnToolsVersion = 26.2;
					};
					406866922F7559FC00057BF3 = {
						CreatedOnToolsVersion = 26.2;
						TestTargetID = 406866832F7559FA00057BF3;
					};
					4068669C2F7559FC00057BF3 = {
						CreatedOnToolsVersion = 26.2;
						TestTargetID = 406866832F7559FA00057BF3;
					};
					40DF00B02F7F7D4800F92924 = {
						CreatedOnToolsVersion = 26.4;
					};
					40DF00DF2F80805000F92924 = {
						CreatedOnToolsVersion = 26.4;
					};
					40DF00EB2F80805200F92924 = {
						CreatedOnToolsVersion = 26.4;
						TestTargetID = 40DF00DF2F80805000F92924;
					};
					40DF00F52F80805200F92924 = {
						CreatedOnToolsVersion = 26.4;
						TestTargetID = 40DF00DF2F80805000F92924;
					};
				};
			};
			buildConfigurationList = 4068667F2F7559FA00057BF3 /* Build configuration list for PBXProject "geomemo" */;
			developmentRegion = en;
			hasScannedForEncodings = 0;
			knownRegions = (
				en,
				Base,
			);
			mainGroup = 4068667B2F7559FA00057BF3;
			minimizedProjectReferenceProxies = 1;
			packageReferences = (
			);
			preferredProjectObjectVersion = 77;
			productRefGroup = 406866852F7559FA00057BF3 /* Products */;
			projectDirPath = "";
			projectRoot = "";
			targets = (
				406866832F7559FA00057BF3 /* geomemo */,
				406866922F7559FC00057BF3 /* geomemoTests */,
				4068669C2F7559FC00057BF3 /* geomemoUITests */,
				40DF00B02F7F7D4800F92924 /* geomemoWidgetExtension */,
				40DF00DF2F80805000F92924 /* geomemoWatch Watch App */,
				40DF00EB2F80805200F92924 /* geomemoWatch Watch AppTests */,
				40DF00F52F80805200F92924 /* geomemoWatch Watch AppUITests */,
			);
		};
/* End PBXProject section */

/* Begin PBXResourcesBuildPhase section */
		406866822F7559FA00057BF3 /* Resources */ = {
			isa = PBXResourcesBuildPhase;
			buildActionMask = 2147483647;
			files = (
			);
			runOnlyForDeploymentPostprocessing = 0;
		};
		406866912F7559FC00057BF3 /* Resources */ = {
			isa = PBXResourcesBuildPhase;
			buildActionMask = 2147483647;
			files = (
			);
			runOnlyForDeploymentPostprocessing = 0;
		};
		4068669B2F7559FC00057BF3 /* Resources */ = {
			isa = PBXResourcesBuildPhase;
			buildActionMask = 2147483647;
			files = (
			);
			runOnlyForDeploymentPostprocessing = 0;
		};
		40DF00AF2F7F7D4800F92924 /* Resources */ = {
			isa = PBXResourcesBuildPhase;
			buildActionMask = 2147483647;
			files = (
			);
			runOnlyForDeploymentPostprocessing = 0;
		};
		40DF00DE2F80805000F92924 /* Resources */ = {
			isa = PBXResourcesBuildPhase;
			buildActionMask = 2147483647;
			files = (
			);
			runOnlyForDeploymentPostprocessing = 0;
		};
		40DF00EA2F80805200F92924 /* Resources */ = {
			isa = PBXResourcesBuildPhase;
			buildActionMask = 2147483647;
			files = (
			);
			runOnlyForDeploymentPostprocessing = 0;
		};
		40DF00F42F80805200F92924 /* Resources */ = {
			isa = PBXResourcesBuildPhase;
			buildActionMask = 2147483647;
			files = (
			);
			runOnlyForDeploymentPostprocessing = 0;
		};
/* End PBXResourcesBuildPhase section */

/* Begin PBXSourcesBuildPhase section */
		406866802F7559FA00057BF3 /* Sources */ = {
			isa = PBXSourcesBuildPhase;
			buildActionMask = 2147483647;
			files = (
				405B251A2F7906BA00A13AFF /* SettingsView.swift in Sources */,
				40DF00D22F7F888E00F92924 /* LiveActivityManager.swift in Sources */,
				40DF00D02F7F887900F92924 /* GeoMemoActivityAttributes.swift in Sources */,
				405B25182F78FA4A00A13AFF /* OnboardingView.swift in Sources */,
			);
			runOnlyForDeploymentPostprocessing = 0;
		};
		4068668F2F7559FC00057BF3 /* Sources */ = {
			isa = PBXSourcesBuildPhase;
			buildActionMask = 2147483647;
			files = (
			);
			runOnlyForDeploymentPostprocessing = 0;
		};
		406866992F7559FC00057BF3 /* Sources */ = {
			isa = PBXSourcesBuildPhase;
			buildActionMask = 2147483647;
			files = (
			);
			runOnlyForDeploymentPostprocessing = 0;
		};
		40DF00AD2F7F7D4800F92924 /* Sources */ = {
			isa = PBXSourcesBuildPhase;
			buildActionMask = 2147483647;
			files = (
				40DF00D52F7FD3C000F92924 /* GeoMemoActivityAttributes.swift in Sources */,
			);
			runOnlyForDeploymentPostprocessing = 0;
		};
		40DF00DC2F80805000F92924 /* Sources */ = {
			isa = PBXSourcesBuildPhase;
			buildActionMask = 2147483647;
			files = (
			);
			runOnlyForDeploymentPostprocessing = 0;
		};
		40DF00E82F80805200F92924 /* Sources */ = {
			isa = PBXSourcesBuildPhase;
			buildActionMask = 2147483647;
			files = (
			);
			runOnlyForDeploymentPostprocessing = 0;
		};
		40DF00F22F80805200F92924 /* Sources */ = {
			isa = PBXSourcesBuildPhase;
			buildActionMask = 2147483647;
			files = (
			);
			runOnlyForDeploymentPostprocessing = 0;
		};
/* End PBXSourcesBuildPhase section */

/* Begin PBXTargetDependency section */
		406866952F7559FC00057BF3 /* PBXTargetDependency */ = {
			isa = PBXTargetDependency;
			target = 406866832F7559FA00057BF3 /* geomemo */;
			targetProxy = 406866942F7559FC00057BF3 /* PBXContainerItemProxy */;
		};
		4068669F2F7559FC00057BF3 /* PBXTargetDependency */ = {
			isa = PBXTargetDependency;
			target = 406866832F7559FA00057BF3 /* geomemo */;
			targetProxy = 4068669E2F7559FC00057BF3 /* PBXContainerItemProxy */;
		};
		40DF00C42F7F7D4A00F92924 /* PBXTargetDependency */ = {
			isa = PBXTargetDependency;
			target = 40DF00B02F7F7D4800F92924 /* geomemoWidgetExtension */;
			targetProxy = 40DF00C32F7F7D4A00F92924 /* PBXContainerItemProxy */;
		};
		40DF00EE2F80805200F92924 /* PBXTargetDependency */ = {
			isa = PBXTargetDependency;
			target = 40DF00DF2F80805000F92924 /* geomemoWatch Watch App */;
			targetProxy = 40DF00ED2F80805200F92924 /* PBXContainerItemProxy */;
		};
		40DF00F82F80805200F92924 /* PBXTargetDependency */ = {
			isa = PBXTargetDependency;
			target = 40DF00DF2F80805000F92924 /* geomemoWatch Watch App */;
			targetProxy = 40DF00F72F80805200F92924 /* PBXContainerItemProxy */;
		};
		40DF00FF2F80805200F92924 /* PBXTargetDependency */ = {
			isa = PBXTargetDependency;
			target = 40DF00DF2F80805000F92924 /* geomemoWatch Watch App */;
			targetProxy = 40DF00FE2F80805200F92924 /* PBXContainerItemProxy */;
		};
/* End PBXTargetDependency section */

/* Begin XCBuildConfiguration section */
		406866A52F7559FD00057BF3 /* Debug */ = {
			isa = XCBuildConfiguration;
			buildSettings = {
				ALWAYS_SEARCH_USER_PATHS = NO;
				ASSETCATALOG_COMPILER_GENERATE_SWIFT_ASSET_SYMBOL_EXTENSIONS = YES;
				CLANG_ANALYZER_NONNULL = YES;
				CLANG_ANALYZER_NUMBER_OBJECT_CONVERSION = YES_AGGRESSIVE;
				CLANG_CXX_LANGUAGE_STANDARD = "gnu++20";
				CLANG_ENABLE_MODULES = YES;
				CLANG_ENABLE_OBJC_ARC = YES;
				CLANG_ENABLE_OBJC_WEAK = YES;
				CLANG_WARN_BLOCK_CAPTURE_AUTORELEASING = YES;
				CLANG_WARN_BOOL_CONVERSION = YES;
				CLANG_WARN_COMMA = YES;
				CLANG_WARN_CONSTANT_CONVERSION = YES;
				CLANG_WARN_DEPRECATED_OBJC_IMPLEMENTATIONS = YES;
				CLANG_WARN_DIRECT_OBJC_ISA_USAGE = YES_ERROR;
				CLANG_WARN_DOCUMENTATION_COMMENTS = YES;
				CLANG_WARN_EMPTY_BODY = YES;
				CLANG_WARN_ENUM_CONVERSION = YES;
				CLANG_WARN_INFINITE_RECURSION = YES;
				CLANG_WARN_INT_CONVERSION = YES;
				CLANG_WARN_NON_LITERAL_NULL_CONVERSION = YES;
				CLANG_WARN_OBJC_IMPLICIT_RETAIN_SELF = YES;
				CLANG_WARN_OBJC_LITERAL_CONVERSION = YES;
				CLANG_WARN_OBJC_ROOT_CLASS = YES_ERROR;
				CLANG_WARN_QUOTED_INCLUDE_IN_FRAMEWORK_HEADER = YES;
				CLANG_WARN_RANGE_LOOP_ANALYSIS = YES;
				CLANG_WARN_STRICT_PROTOTYPES = YES;
				CLANG_WARN_SUSPICIOUS_MOVE = YES;
				CLANG_WARN_UNGUARDED_AVAILABILITY = YES_AGGRESSIVE;
				CLANG_WARN_UNREACHABLE_CODE = YES;
				CLANG_WARN__DUPLICATE_METHOD_MATCH = YES;
				COPY_PHASE_STRIP = NO;
				DEBUG_INFORMATION_FORMAT = dwarf;
				ENABLE_STRICT_OBJC_MSGSEND = YES;
				ENABLE_TESTABILITY = YES;
				ENABLE_USER_SCRIPT_SANDBOXING = YES;
				GCC_C_LANGUAGE_STANDARD = gnu17;
				GCC_DYNAMIC_NO_PIC = NO;
				GCC_NO_COMMON_BLOCKS = YES;
				GCC_OPTIMIZATION_LEVEL = 0;
				GCC_PREPROCESSOR_DEFINITIONS = (
					"DEBUG=1",
					"$(inherited)",
				);
				GCC_WARN_64_TO_32_BIT_CONVERSION = YES;
				GCC_WARN_ABOUT_RETURN_TYPE = YES_ERROR;
				GCC_WARN_UNDECLARED_SELECTOR = YES;
				GCC_WARN_UNINITIALIZED_AUTOS = YES_AGGRESSIVE;
				GCC_WARN_UNUSED_FUNCTION = YES;
				GCC_WARN_UNUSED_VARIABLE = YES;
				IPHONEOS_DEPLOYMENT_TARGET = 26.2;
				LOCALIZATION_PREFERS_STRING_CATALOGS = YES;
				MTL_ENABLE_DEBUG_INFO = INCLUDE_SOURCE;
				MTL_FAST_MATH = YES;
				ONLY_ACTIVE_ARCH = YES;
				SDKROOT = iphoneos;
				SWIFT_ACTIVE_COMPILATION_CONDITIONS = "DEBUG $(inherited)";
				SWIFT_OPTIMIZATION_LEVEL = "-Onone";
			};
			name = Debug;
		};
		406866A62F7559FD00057BF3 /* Release */ = {
			isa = XCBuildConfiguration;
			buildSettings = {
				ALWAYS_SEARCH_USER_PATHS = NO;
				ASSETCATALOG_COMPILER_GENERATE_SWIFT_ASSET_SYMBOL_EXTENSIONS = YES;
				CLANG_ANALYZER_NONNULL = YES;
				CLANG_ANALYZER_NUMBER_OBJECT_CONVERSION = YES_AGGRESSIVE;
				CLANG_CXX_LANGUAGE_STANDARD = "gnu++20";
				CLANG_ENABLE_MODULES = YES;
				CLANG_ENABLE_OBJC_ARC = YES;
				CLANG_ENABLE_OBJC_WEAK = YES;
				CLANG_WARN_BLOCK_CAPTURE_AUTORELEASING = YES;
				CLANG_WARN_BOOL_CONVERSION = YES;
				CLANG_WARN_COMMA = YES;
				CLANG_WARN_CONSTANT_CONVERSION = YES;
				CLANG_WARN_DEPRECATED_OBJC_IMPLEMENTATIONS = YES;
				CLANG_WARN_DIRECT_OBJC_ISA_USAGE = YES_ERROR;
				CLANG_WARN_DOCUMENTATION_COMMENTS = YES;
				CLANG_WARN_EMPTY_BODY = YES;
				CLANG_WARN_ENUM_CONVERSION = YES;
				CLANG_WARN_INFINITE_RECURSION = YES;
				CLANG_WARN_INT_CONVERSION = YES;
				CLANG_WARN_NON_LITERAL_NULL_CONVERSION = YES;
				CLANG_WARN_OBJC_IMPLICIT_RETAIN_SELF = YES;
				CLANG_WARN_OBJC_LITERAL_CONVERSION = YES;
				CLANG_WARN_OBJC_ROOT_CLASS = YES_ERROR;
				CLANG_WARN_QUOTED_INCLUDE_IN_FRAMEWORK_HEADER = YES;
				CLANG_WARN_RANGE_LOOP_ANALYSIS = YES;
				CLANG_WARN_STRICT_PROTOTYPES = YES;
				CLANG_WARN_SUSPICIOUS_MOVE = YES;
				CLANG_WARN_UNGUARDED_AVAILABILITY = YES_AGGRESSIVE;
				CLANG_WARN_UNREACHABLE_CODE = YES;
				CLANG_WARN__DUPLICATE_METHOD_MATCH = YES;
				COPY_PHASE_STRIP = NO;
				DEBUG_INFORMATION_FORMAT = "dwarf-with-dsym";
				ENABLE_NS_ASSERTIONS = NO;
				ENABLE_STRICT_OBJC_MSGSEND = YES;
				ENABLE_USER_SCRIPT_SANDBOXING = YES;
				GCC_C_LANGUAGE_STANDARD = gnu17;
				GCC_NO_COMMON_BLOCKS = YES;
				GCC_WARN_64_TO_32_BIT_CONVERSION = YES;
				GCC_WARN_ABOUT_RETURN_TYPE = YES_ERROR;
				GCC_WARN_UNDECLARED_SELECTOR = YES;
				GCC_WARN_UNINITIALIZED_AUTOS = YES_AGGRESSIVE;
				GCC_WARN_UNUSED_FUNCTION = YES;
				GCC_WARN_UNUSED_VARIABLE = YES;
				IPHONEOS_DEPLOYMENT_TARGET = 26.2;
				LOCALIZATION_PREFERS_STRING_CATALOGS = YES;
				MTL_ENABLE_DEBUG_INFO = NO;
				MTL_FAST_MATH = YES;
				SDKROOT = iphoneos;
				SWIFT_COMPILATION_MODE = wholemodule;
				VALIDATE_PRODUCT = YES;
			};
			name = Release;
		};
		406866A82F7559FD00057BF3 /* Debug */ = {
			isa = XCBuildConfiguration;
			buildSettings = {
				ASSETCATALOG_COMPILER_APPICON_NAME = AppIcon;
				ASSETCATALOG_COMPILER_GLOBAL_ACCENT_COLOR_NAME = AccentColor;
				CODE_SIGN_ENTITLEMENTS = geomemo/geomemo.entitlements;
				CODE_SIGN_STYLE = Automatic;
				CURRENT_PROJECT_VERSION = 1;
				DEVELOPMENT_TEAM = 65X8BH2L5R;
				ENABLE_PREVIEWS = YES;
				GENERATE_INFOPLIST_FILE = YES;
				INFOPLIST_FILE = geomemo/Info.plist;
				INFOPLIST_KEY_UIApplicationSceneManifest_Generation = YES;
				INFOPLIST_KEY_UIApplicationSupportsIndirectInputEvents = YES;
				INFOPLIST_KEY_UILaunchScreen_Generation = YES;
				INFOPLIST_KEY_UISupportedInterfaceOrientations_iPad = "UIInterfaceOrientationPortrait UIInterfaceOrientationPortraitUpsideDown UIInterfaceOrientationLandscapeLeft UIInterfaceOrientationLandscapeRight";
				INFOPLIST_KEY_UISupportedInterfaceOrientations_iPhone = "UIInterfaceOrientationPortrait UIInterfaceOrientationLandscapeLeft UIInterfaceOrientationLandscapeRight";
				LD_RUNPATH_SEARCH_PATHS = (
					"$(inherited)",
					"@executable_path/Frameworks",
				);
				MARKETING_VERSION = 1.0;
				PRODUCT_BUNDLE_IDENTIFIER = com.yokuro.geomemo;
				PRODUCT_NAME = "$(TARGET_NAME)";
				STRING_CATALOG_GENERATE_SYMBOLS = YES;
				SWIFT_APPROACHABLE_CONCURRENCY = YES;
				SWIFT_DEFAULT_ACTOR_ISOLATION = MainActor;
				SWIFT_EMIT_LOC_STRINGS = YES;
				SWIFT_UPCOMING_FEATURE_MEMBER_IMPORT_VISIBILITY = YES;
				SWIFT_VERSION = 5.0;
				TARGETED_DEVICE_FAMILY = "1,2";
			};
			name = Debug;
		};
		406866A92F7559FD00057BF3 /* Release */ = {
			isa = XCBuildConfiguration;
			buildSettings = {
				ASSETCATALOG_COMPILER_APPICON_NAME = AppIcon;
				ASSETCATALOG_COMPILER_GLOBAL_ACCENT_COLOR_NAME = AccentColor;
				CODE_SIGN_ENTITLEMENTS = geomemo/geomemo.entitlements;
				CODE_SIGN_STYLE = Automatic;
				CURRENT_PROJECT_VERSION = 1;
				DEVELOPMENT_TEAM = 65X8BH2L5R;
				ENABLE_PREVIEWS = YES;
				GENERATE_INFOPLIST_FILE = YES;
				INFOPLIST_FILE = geomemo/Info.plist;
				INFOPLIST_KEY_UIApplicationSceneManifest_Generation = YES;
				INFOPLIST_KEY_UIApplicationSupportsIndirectInputEvents = YES;
				INFOPLIST_KEY_UILaunchScreen_Generation = YES;
				INFOPLIST_KEY_UISupportedInterfaceOrientations_iPad = "UIInterfaceOrientationPortrait UIInterfaceOrientationPortraitUpsideDown UIInterfaceOrientationLandscapeLeft UIInterfaceOrientationLandscapeRight";
				INFOPLIST_KEY_UISupportedInterfaceOrientations_iPhone = "UIInterfaceOrientationPortrait UIInterfaceOrientationLandscapeLeft UIInterfaceOrientationLandscapeRight";
				LD_RUNPATH_SEARCH_PATHS = (
					"$(inherited)",
					"@executable_path/Frameworks",
				);
				MARKETING_VERSION = 1.0;
				PRODUCT_BUNDLE_IDENTIFIER = com.yokuro.geomemo;
				PRODUCT_NAME = "$(TARGET_NAME)";
				STRING_CATALOG_GENERATE_SYMBOLS = YES;
				SWIFT_APPROACHABLE_CONCURRENCY = YES;
				SWIFT_DEFAULT_ACTOR_ISOLATION = MainActor;
				SWIFT_EMIT_LOC_STRINGS = YES;
				SWIFT_UPCOMING_FEATURE_MEMBER_IMPORT_VISIBILITY = YES;
				SWIFT_VERSION = 5.0;
				TARGETED_DEVICE_FAMILY = "1,2";
			};
			name = Release;
		};
		406866AB2F7559FD00057BF3 /* Debug */ = {
			isa = XCBuildConfiguration;
			buildSettings = {
				BUNDLE_LOADER = "$(TEST_HOST)";
				CODE_SIGN_STYLE = Automatic;
				CURRENT_PROJECT_VERSION = 1;
				GENERATE_INFOPLIST_FILE = YES;
				IPHONEOS_DEPLOYMENT_TARGET = 26.2;
				MARKETING_VERSION = 1.0;
				PRODUCT_BUNDLE_IDENTIFIER = com.yokuro.geomemoTests;
				PRODUCT_NAME = "$(TARGET_NAME)";
				STRING_CATALOG_GENERATE_SYMBOLS = NO;
				SWIFT_APPROACHABLE_CONCURRENCY = YES;
				SWIFT_EMIT_LOC_STRINGS = NO;
				SWIFT_UPCOMING_FEATURE_MEMBER_IMPORT_VISIBILITY = YES;
				SWIFT_VERSION = 5.0;
				TARGETED_DEVICE_FAMILY = "1,2";
				TEST_HOST = "$(BUILT_PRODUCTS_DIR)/geomemo.app/$(BUNDLE_EXECUTABLE_FOLDER_PATH)/geomemo";
			};
			name = Debug;
		};
		406866AC2F7559FD00057BF3 /* Release */ = {
			isa = XCBuildConfiguration;
			buildSettings = {
				BUNDLE_LOADER = "$(TEST_HOST)";
				CODE_SIGN_STYLE = Automatic;
				CURRENT_PROJECT_VERSION = 1;
				GENERATE_INFOPLIST_FILE = YES;
				IPHONEOS_DEPLOYMENT_TARGET = 26.2;
				MARKETING_VERSION = 1.0;
				PRODUCT_BUNDLE_IDENTIFIER = com.yokuro.geomemoTests;
				PRODUCT_NAME = "$(TARGET_NAME)";
				STRING_CATALOG_GENERATE_SYMBOLS = NO;
				SWIFT_APPROACHABLE_CONCURRENCY = YES;
				SWIFT_EMIT_LOC_STRINGS = NO;
				SWIFT_UPCOMING_FEATURE_MEMBER_IMPORT_VISIBILITY = YES;
				SWIFT_VERSION = 5.0;
				TARGETED_DEVICE_FAMILY = "1,2";
				TEST_HOST = "$(BUILT_PRODUCTS_DIR)/geomemo.app/$(BUNDLE_EXECUTABLE_FOLDER_PATH)/geomemo";
			};
			name = Release;
		};
		406866AE2F7559FD00057BF3 /* Debug */ = {
			isa = XCBuildConfiguration;
			buildSettings = {
				CODE_SIGN_STYLE = Automatic;
				CURRENT_PROJECT_VERSION = 1;
				GENERATE_INFOPLIST_FILE = YES;
				MARKETING_VERSION = 1.0;
				PRODUCT_BUNDLE_IDENTIFIER = com.yokuro.geomemoUITests;
				PRODUCT_NAME = "$(TARGET_NAME)";
				STRING_CATALOG_GENERATE_SYMBOLS = NO;
				SWIFT_APPROACHABLE_CONCURRENCY = YES;
				SWIFT_EMIT_LOC_STRINGS = NO;
				SWIFT_UPCOMING_FEATURE_MEMBER_IMPORT_VISIBILITY = YES;
				SWIFT_VERSION = 5.0;
				TARGETED_DEVICE_FAMILY = "1,2";
				TEST_TARGET_NAME = geomemo;
			};
			name = Debug;
		};
		406866AF2F7559FD00057BF3 /* Release */ = {
			isa = XCBuildConfiguration;
			buildSettings = {
				CODE_SIGN_STYLE = Automatic;
				CURRENT_PROJECT_VERSION = 1;
				GENERATE_INFOPLIST_FILE = YES;
				MARKETING_VERSION = 1.0;
				PRODUCT_BUNDLE_IDENTIFIER = com.yokuro.geomemoUITests;
				PRODUCT_NAME = "$(TARGET_NAME)";
				STRING_CATALOG_GENERATE_SYMBOLS = NO;
				SWIFT_APPROACHABLE_CONCURRENCY = YES;
				SWIFT_EMIT_LOC_STRINGS = NO;
				SWIFT_UPCOMING_FEATURE_MEMBER_IMPORT_VISIBILITY = YES;
				SWIFT_VERSION = 5.0;
				TARGETED_DEVICE_FAMILY = "1,2";
				TEST_TARGET_NAME = geomemo;
			};
			name = Release;
		};
		40DF00C72F7F7D4A00F92924 /* Debug */ = {
			isa = XCBuildConfiguration;
			buildSettings = {
				ASSETCATALOG_COMPILER_GLOBAL_ACCENT_COLOR_NAME = AccentColor;
				ASSETCATALOG_COMPILER_WIDGET_BACKGROUND_COLOR_NAME = WidgetBackground;
				CODE_SIGN_ENTITLEMENTS = geomemoWidgetExtension.entitlements;
				CODE_SIGN_STYLE = Automatic;
				CURRENT_PROJECT_VERSION = 1;
				DEVELOPMENT_TEAM = 65X8BH2L5R;
				GENERATE_INFOPLIST_FILE = YES;
				INFOPLIST_FILE = geomemoWidget/Info.plist;
				INFOPLIST_KEY_CFBundleDisplayName = geomemoWidget;
				INFOPLIST_KEY_NSHumanReadableCopyright = "";
				IPHONEOS_DEPLOYMENT_TARGET = 26.2;
				LD_RUNPATH_SEARCH_PATHS = (
					"$(inherited)",
					"@executable_path/Frameworks",
					"@executable_path/../../Frameworks",
				);
				MARKETING_VERSION = 1.0;
				PRODUCT_BUNDLE_IDENTIFIER = com.yokuro.geomemo.geomemoWidget;
				PRODUCT_NAME = "$(TARGET_NAME)";
				SKIP_INSTALL = YES;
				STRING_CATALOG_GENERATE_SYMBOLS = YES;
				SWIFT_APPROACHABLE_CONCURRENCY = YES;
				SWIFT_EMIT_LOC_STRINGS = YES;
				SWIFT_UPCOMING_FEATURE_MEMBER_IMPORT_VISIBILITY = YES;
				SWIFT_VERSION = 5.0;
				TARGETED_DEVICE_FAMILY = "1,2";
			};
			name = Debug;
		};
		40DF00C82F7F7D4A00F92924 /* Release */ = {
			isa = XCBuildConfiguration;
			buildSettings = {
				ASSETCATALOG_COMPILER_GLOBAL_ACCENT_COLOR_NAME = AccentColor;
				ASSETCATALOG_COMPILER_WIDGET_BACKGROUND_COLOR_NAME = WidgetBackground;
				CODE_SIGN_ENTITLEMENTS = geomemoWidgetExtension.entitlements;
				CODE_SIGN_STYLE = Automatic;
				CURRENT_PROJECT_VERSION = 1;
				DEVELOPMENT_TEAM = 65X8BH2L5R;
				GENERATE_INFOPLIST_FILE = YES;
				INFOPLIST_FILE = geomemoWidget/Info.plist;
				INFOPLIST_KEY_CFBundleDisplayName = geomemoWidget;
				INFOPLIST_KEY_NSHumanReadableCopyright = "";
				IPHONEOS_DEPLOYMENT_TARGET = 26.2;
				LD_RUNPATH_SEARCH_PATHS = (
					"$(inherited)",
					"@executable_path/Frameworks",
					"@executable_path/../../Frameworks",
				);
				MARKETING_VERSION = 1.0;
				PRODUCT_BUNDLE_IDENTIFIER = com.yokuro.geomemo.geomemoWidget;
				PRODUCT_NAME = "$(TARGET_NAME)";
				SKIP_INSTALL = YES;
				STRING_CATALOG_GENERATE_SYMBOLS = YES;
				SWIFT_APPROACHABLE_CONCURRENCY = YES;
				SWIFT_EMIT_LOC_STRINGS = YES;
				SWIFT_UPCOMING_FEATURE_MEMBER_IMPORT_VISIBILITY = YES;
				SWIFT_VERSION = 5.0;
				TARGETED_DEVICE_FAMILY = "1,2";
			};
			name = Release;
		};
		40DF01022F80805200F92924 /* Debug */ = {
			isa = XCBuildConfiguration;
			buildSettings = {
				ASSETCATALOG_COMPILER_APPICON_NAME = AppIcon;
				ASSETCATALOG_COMPILER_GLOBAL_ACCENT_COLOR_NAME = AccentColor;
				CODE_SIGN_ENTITLEMENTS = "geomemoWatch Watch App/geomemoWatch Watch App.entitlements";
				CODE_SIGN_STYLE = Automatic;
				CURRENT_PROJECT_VERSION = 1;
				DEVELOPMENT_TEAM = 65X8BH2L5R;
				ENABLE_PREVIEWS = YES;
				GENERATE_INFOPLIST_FILE = YES;
				INFOPLIST_KEY_CFBundleDisplayName = geomemoWatch;
				INFOPLIST_KEY_UISupportedInterfaceOrientations = "UIInterfaceOrientationPortrait UIInterfaceOrientationPortraitUpsideDown";
				INFOPLIST_KEY_WKCompanionAppBundleIdentifier = com.yokuro.geomemo;
				LD_RUNPATH_SEARCH_PATHS = (
					"$(inherited)",
					"@executable_path/Frameworks",
				);
				MARKETING_VERSION = 1.0;
				PRODUCT_BUNDLE_IDENTIFIER = com.yokuro.geomemo.watchkitapp;
				PRODUCT_NAME = "$(TARGET_NAME)";
				SDKROOT = watchos;
				SKIP_INSTALL = YES;
				STRING_CATALOG_GENERATE_SYMBOLS = YES;
				SWIFT_APPROACHABLE_CONCURRENCY = YES;
				SWIFT_DEFAULT_ACTOR_ISOLATION = MainActor;
				SWIFT_EMIT_LOC_STRINGS = YES;
				SWIFT_UPCOMING_FEATURE_MEMBER_IMPORT_VISIBILITY = YES;
				SWIFT_VERSION = 5.0;
				TARGETED_DEVICE_FAMILY = 4;
				WATCHOS_DEPLOYMENT_TARGET = 26.4;
			};
			name = Debug;
		};
		40DF01032F80805200F92924 /* Release */ = {
			isa = XCBuildConfiguration;
			buildSettings = {
				ASSETCATALOG_COMPILER_APPICON_NAME = AppIcon;
				ASSETCATALOG_COMPILER_GLOBAL_ACCENT_COLOR_NAME = AccentColor;
				CODE_SIGN_ENTITLEMENTS = "geomemoWatch Watch App/geomemoWatch Watch App.entitlements";
				CODE_SIGN_STYLE = Automatic;
				CURRENT_PROJECT_VERSION = 1;
				DEVELOPMENT_TEAM = 65X8BH2L5R;
				ENABLE_PREVIEWS = YES;
				GENERATE_INFOPLIST_FILE = YES;
				INFOPLIST_KEY_CFBundleDisplayName = geomemoWatch;
				INFOPLIST_KEY_UISupportedInterfaceOrientations = "UIInterfaceOrientationPortrait UIInterfaceOrientationPortraitUpsideDown";
				INFOPLIST_KEY_WKCompanionAppBundleIdentifier = com.yokuro.geomemo;
				LD_RUNPATH_SEARCH_PATHS = (
					"$(inherited)",
					"@executable_path/Frameworks",
				);
				MARKETING_VERSION = 1.0;
				PRODUCT_BUNDLE_IDENTIFIER = com.yokuro.geomemo.watchkitapp;
				PRODUCT_NAME = "$(TARGET_NAME)";
				SDKROOT = watchos;
				SKIP_INSTALL = YES;
				STRING_CATALOG_GENERATE_SYMBOLS = YES;
				SWIFT_APPROACHABLE_CONCURRENCY = YES;
				SWIFT_DEFAULT_ACTOR_ISOLATION = MainActor;
				SWIFT_EMIT_LOC_STRINGS = YES;
				SWIFT_UPCOMING_FEATURE_MEMBER_IMPORT_VISIBILITY = YES;
				SWIFT_VERSION = 5.0;
				TARGETED_DEVICE_FAMILY = 4;
				WATCHOS_DEPLOYMENT_TARGET = 26.4;
			};
			name = Release;
		};
		40DF01062F80805200F92924 /* Debug */ = {
			isa = XCBuildConfiguration;
			buildSettings = {
				BUNDLE_LOADER = "$(TEST_HOST)";
				CODE_SIGN_STYLE = Automatic;
				CURRENT_PROJECT_VERSION = 1;
				DEVELOPMENT_TEAM = 65X8BH2L5R;
				GENERATE_INFOPLIST_FILE = YES;
				MARKETING_VERSION = 1.0;
				PRODUCT_BUNDLE_IDENTIFIER = "com.yokuro.geomemo.geomemoWatch-Watch-AppTests";
				PRODUCT_NAME = "$(TARGET_NAME)";
				SDKROOT = watchos;
				STRING_CATALOG_GENERATE_SYMBOLS = NO;
				SWIFT_APPROACHABLE_CONCURRENCY = YES;
				SWIFT_EMIT_LOC_STRINGS = NO;
				SWIFT_UPCOMING_FEATURE_MEMBER_IMPORT_VISIBILITY = YES;
				SWIFT_VERSION = 5.0;
				TARGETED_DEVICE_FAMILY = 4;
				TEST_HOST = "$(BUILT_PRODUCTS_DIR)/geomemoWatch Watch App.app/$(BUNDLE_EXECUTABLE_FOLDER_PATH)/geomemoWatch Watch App";
				WATCHOS_DEPLOYMENT_TARGET = 26.4;
			};
			name = Debug;
		};
		40DF01072F80805200F92924 /* Release */ = {
			isa = XCBuildConfiguration;
			buildSettings = {
				BUNDLE_LOADER = "$(TEST_HOST)";
				CODE_SIGN_STYLE = Automatic;
				CURRENT_PROJECT_VERSION = 1;
				DEVELOPMENT_TEAM = 65X8BH2L5R;
				GENERATE_INFOPLIST_FILE = YES;
				MARKETING_VERSION = 1.0;
				PRODUCT_BUNDLE_IDENTIFIER = "com.yokuro.geomemo.geomemoWatch-Watch-AppTests";
				PRODUCT_NAME = "$(TARGET_NAME)";
				SDKROOT = watchos;
				STRING_CATALOG_GENERATE_SYMBOLS = NO;
				SWIFT_APPROACHABLE_CONCURRENCY = YES;
				SWIFT_EMIT_LOC_STRINGS = NO;
				SWIFT_UPCOMING_FEATURE_MEMBER_IMPORT_VISIBILITY = YES;
				SWIFT_VERSION = 5.0;
				TARGETED_DEVICE_FAMILY = 4;
				TEST_HOST = "$(BUILT_PRODUCTS_DIR)/geomemoWatch Watch App.app/$(BUNDLE_EXECUTABLE_FOLDER_PATH)/geomemoWatch Watch App";
				WATCHOS_DEPLOYMENT_TARGET = 26.4;
			};
			name = Release;
		};
		40DF01092F80805200F92924 /* Debug */ = {
			isa = XCBuildConfiguration;
			buildSettings = {
				CODE_SIGN_STYLE = Automatic;
				CURRENT_PROJECT_VERSION = 1;
				DEVELOPMENT_TEAM = 65X8BH2L5R;
				GENERATE_INFOPLIST_FILE = YES;
				MARKETING_VERSION = 1.0;
				PRODUCT_BUNDLE_IDENTIFIER = "com.yokuro.geomemo.geomemoWatch-Watch-AppUITests";
				PRODUCT_NAME = "$(TARGET_NAME)";
				SDKROOT = watchos;
				STRING_CATALOG_GENERATE_SYMBOLS = NO;
				SWIFT_APPROACHABLE_CONCURRENCY = YES;
				SWIFT_EMIT_LOC_STRINGS = NO;
				SWIFT_UPCOMING_FEATURE_MEMBER_IMPORT_VISIBILITY = YES;
				SWIFT_VERSION = 5.0;
				TARGETED_DEVICE_FAMILY = 4;
				TEST_TARGET_NAME = "geomemoWatch Watch App";
				WATCHOS_DEPLOYMENT_TARGET = 26.4;
			};
			name = Debug;
		};
		40DF010A2F80805200F92924 /* Release */ = {
			isa = XCBuildConfiguration;
			buildSettings = {
				CODE_SIGN_STYLE = Automatic;
				CURRENT_PROJECT_VERSION = 1;
				DEVELOPMENT_TEAM = 65X8BH2L5R;
				GENERATE_INFOPLIST_FILE = YES;
				MARKETING_VERSION = 1.0;
				PRODUCT_BUNDLE_IDENTIFIER = "com.yokuro.geomemo.geomemoWatch-Watch-AppUITests";
				PRODUCT_NAME = "$(TARGET_NAME)";
				SDKROOT = watchos;
				STRING_CATALOG_GENERATE_SYMBOLS = NO;
				SWIFT_APPROACHABLE_CONCURRENCY = YES;
				SWIFT_EMIT_LOC_STRINGS = NO;
				SWIFT_UPCOMING_FEATURE_MEMBER_IMPORT_VISIBILITY = YES;
				SWIFT_VERSION = 5.0;
				TARGETED_DEVICE_FAMILY = 4;
				TEST_TARGET_NAME = "geomemoWatch Watch App";
				WATCHOS_DEPLOYMENT_TARGET = 26.4;
			};
			name = Release;
		};
/* End XCBuildConfiguration section */

/* Begin XCConfigurationList section */
		4068667F2F7559FA00057BF3 /* Build configuration list for PBXProject "geomemo" */ = {
			isa = XCConfigurationList;
			buildConfigurations = (
				406866A52F7559FD00057BF3 /* Debug */,
				406866A62F7559FD00057BF3 /* Release */,
			);
			defaultConfigurationIsVisible = 0;
			defaultConfigurationName = Release;
		};
		406866A72F7559FD00057BF3 /* Build configuration list for PBXNativeTarget "geomemo" */ = {
			isa = XCConfigurationList;
			buildConfigurations = (
				406866A82F7559FD00057BF3 /* Debug */,
				406866A92F7559FD00057BF3 /* Release */,
			);
			defaultConfigurationIsVisible = 0;
			defaultConfigurationName = Release;
		};
		406866AA2F7559FD00057BF3 /* Build configuration list for PBXNativeTarget "geomemoTests" */ = {
			isa = XCConfigurationList;
			buildConfigurations = (
				406866AB2F7559FD00057BF3 /* Debug */,
				406866AC2F7559FD00057BF3 /* Release */,
			);
			defaultConfigurationIsVisible = 0;
			defaultConfigurationName = Release;
		};
		406866AD2F7559FD00057BF3 /* Build configuration list for PBXNativeTarget "geomemoUITests" */ = {
			isa = XCConfigurationList;
			buildConfigurations = (
				406866AE2F7559FD00057BF3 /* Debug */,
				406866AF2F7559FD00057BF3 /* Release */,
			);
			defaultConfigurationIsVisible = 0;
			defaultConfigurationName = Release;
		};
		40DF00C62F7F7D4A00F92924 /* Build configuration list for PBXNativeTarget "geomemoWidgetExtension" */ = {
			isa = XCConfigurationList;
			buildConfigurations = (
				40DF00C72F7F7D4A00F92924 /* Debug */,
				40DF00C82F7F7D4A00F92924 /* Release */,
			);
			defaultConfigurationIsVisible = 0;
			defaultConfigurationName = Release;
		};
		40DF01012F80805200F92924 /* Build configuration list for PBXNativeTarget "geomemoWatch Watch App" */ = {
			isa = XCConfigurationList;
			buildConfigurations = (
				40DF01022F80805200F92924 /* Debug */,
				40DF01032F80805200F92924 /* Release */,
			);
			defaultConfigurationIsVisible = 0;
			defaultConfigurationName = Release;
		};
		40DF01052F80805200F92924 /* Build configuration list for PBXNativeTarget "geomemoWatch Watch AppTests" */ = {
			isa = XCConfigurationList;
			buildConfigurations = (
				40DF01062F80805200F92924 /* Debug */,
				40DF01072F80805200F92924 /* Release */,
			);
			defaultConfigurationIsVisible = 0;
			defaultConfigurationName = Release;
		};
		40DF01082F80805200F92924 /* Build configuration list for PBXNativeTarget "geomemoWatch Watch AppUITests" */ = {
			isa = XCConfigurationList;
			buildConfigurations = (
				40DF01092F80805200F92924 /* Debug */,
				40DF010A2F80805200F92924 /* Release */,
			);
			defaultConfigurationIsVisible = 0;
			defaultConfigurationName = Release;
		};
/* End XCConfigurationList section */
	};
	rootObject = 4068667C2F7559FA00057BF3 /* Project object */;
}
